// !$*UTF8*$!
{
	archiveVersion = 1;
	classes = {
	};
	objectVersion = 46;
	objects = {

/* Begin PBXBuildFile section */
		8D71AD7E1D8A7D6D00E1D7DA /* AppDelegate.swift in Sources */ = {isa = PBXBuildFile; fileRef = 8D71AD7D1D8A7D6D00E1D7DA /* AppDelegate.swift */; };
		8D71AD801D8A7D6D00E1D7DA /* ViewController.swift in Sources */ = {isa = PBXBuildFile; fileRef = 8D71AD7F1D8A7D6D00E1D7DA /* ViewController.swift */; };
		8D71AD831D8A7D6D00E1D7DA /* Main.storyboard in Resources */ = {isa = PBXBuildFile; fileRef = 8D71AD811D8A7D6D00E1D7DA /* Main.storyboard */; };
		8D71AD851D8A7D6D00E1D7DA /* Assets.xcassets in Resources */ = {isa = PBXBuildFile; fileRef = 8D71AD841D8A7D6D00E1D7DA /* Assets.xcassets */; };
		8D71AD881D8A7D6D00E1D7DA /* LaunchScreen.storyboard in Resources */ = {isa = PBXBuildFile; fileRef = 8D71AD861D8A7D6D00E1D7DA /* LaunchScreen.storyboard */; };
/* End PBXBuildFile section */

/* Begin PBXFileReference section */
		8D71AD7A1D8A7D6D00E1D7DA /* CheckIO.app */ = {isa = PBXFileReference; explicitFileType = wrapper.application; includeInIndex = 0; path = CheckIO.app; sourceTree = BUILT_PRODUCTS_DIR; };
		8D71AD7D1D8A7D6D00E1D7DA /* AppDelegate.swift */ = {isa = PBXFileReference; lastKnownFileType = sourcecode.swift; path = AppDelegate.swift; sourceTree = "<group>"; };
		8D71AD7F1D8A7D6D00E1D7DA /* ViewController.swift */ = {isa = PBXFileReference; lastKnownFileType = sourcecode.swift; path = ViewController.swift; sourceTree = "<group>"; };
		8D71AD821D8A7D6D00E1D7DA /* Base */ = {isa = PBXFileReference; lastKnownFileType = file.storyboard; name = Base; path = Base.lproj/Main.storyboard; sourceTree = "<group>"; };
		8D71AD841D8A7D6D00E1D7DA /* Assets.xcassets */ = {isa = PBXFileReference; lastKnownFileType = folder.assetcatalog; path = Assets.xcassets; sourceTree = "<group>"; };
		8D71AD871D8A7D6D00E1D7DA /* Base */ = {isa = PBXFileReference; lastKnownFileType = file.storyboard; name = Base; path = Base.lproj/LaunchScreen.storyboard; sourceTree = "<group>"; };
		8D71AD891D8A7D6D00E1D7DA /* Info.plist */ = {isa = PBXFileReference; lastKnownFileType = text.plist.xml; path = Info.plist; sourceTree = "<group>"; };
/* End PBXFileReference section */

/* Begin PBXFrameworksBuildPhase section */
		8D71AD771D8A7D6D00E1D7DA /* Frameworks */ = {
			isa = PBXFrameworksBuildPhase;
			buildActionMask = 2147483647;
			files = (
			);
			runOnlyForDeploymentPostprocessing = 0;
		};
/* End PBXFrameworksBuildPhase section */

/* Begin PBXGroup section */
		8D71AD711D8A7D6D00E1D7DA = {
			isa = PBXGroup;
			children = (
				8D71AD7C1D8A7D6D00E1D7DA /* CheckIO */,
				8D71AD7B1D8A7D6D00E1D7DA /* Products */,
			);
			sourceTree = "<group>";
		};
		8D71AD7B1D8A7D6D00E1D7DA /* Products */ = {
			isa = PBXGroup;
			children = (
				8D71AD7A1D8A7D6D00E1D7DA /* CheckIO.app */,
			);
			name = Products;
			sourceTree = "<group>";
		};
		8D71AD7C1D8A7D6D00E1D7DA /* CheckIO */ = {
			isa = PBXGroup;
			children = (
				8D71AD7D1D8A7D6D00E1D7DA /* AppDelegate.swift */,
				8D71AD7F1D8A7D6D00E1D7DA /* ViewController.swift */,
				8D71AD811D8A7D6D00E1D7DA /* Main.storyboard */,
				8D71AD841D8A7D6D00E1D7DA /* Assets.xcassets */,
				8D71AD861D8A7D6D00E1D7DA /* LaunchScreen.storyboard */,
				8D71AD891D8A7D6D00E1D7DA /* Info.plist */,
			);
			path = CheckIO;
			sourceTree = "<group>";
		};
/* End PBXGroup section */

/* Begin PBXNativeTarget section */
		8D71AD791D8A7D6D00E1D7DA /* CheckIO */ = {
			isa = PBXNativeTarget;
			buildConfigurationList = 8D71AD8C1D8A7D6D00E1D7DA /* Build configuration list for PBXNativeTarget "CheckIO" */;
			buildPhases = (
				8D71AD761D8A7D6D00E1D7DA /* Sources */,
				8D71AD771D8A7D6D00E1D7DA /* Frameworks */,
				8D71AD781D8A7D6D00E1D7DA /* Resources */,
			);
			buildRules = (
			);
			dependencies = (
			);
			name = CheckIO;
			productName = CheckIO;
			productReference = 8D71AD7A1D8A7D6D00E1D7DA /* CheckIO.app */;
			productType = "com.apple.product-type.application";
		};
/* End PBXNativeTarget section */

/* Begin PBXProject section */
		8D71AD721D8A7D6D00E1D7DA /* Project object */ = {
			isa = PBXProject;
			attributes = {
				LastSwiftUpdateCheck = 0800;
				LastUpgradeCheck = 0800;
				ORGANIZATIONNAME = kneeprayer;
				TargetAttributes = {
					8D71AD791D8A7D6D00E1D7DA = {
						CreatedOnToolsVersion = 8.0;
						DevelopmentTeam = X3J74Z676X;
						ProvisioningStyle = Automatic;
					};
				};
			};
			buildConfigurationList = 8D71AD751D8A7D6D00E1D7DA /* Build configuration list for PBXProject "CheckIO" */;
			compatibilityVersion = "Xcode 3.2";
			developmentRegion = English;
			hasScannedForEncodings = 0;
			knownRegions = (
				en,
				Base,
			);
			mainGroup = 8D71AD711D8A7D6D00E1D7DA;
			productRefGroup = 8D71AD7B1D8A7D6D00E1D7DA /* Products */;
			projectDirPath = "";
			projectRoot = "";
			targets = (
				8D71AD791D8A7D6D00E1D7DA /* CheckIO */,
			);
		};
/* End PBXProject section */

/* Begin PBXResourcesBuildPhase section */
		8D71AD781D8A7D6D00E1D7DA /* Resources */ = {
			isa = PBXResourcesBuildPhase;
			buildActionMask = 2147483647;
			files = (
				8D71AD881D8A7D6D00E1D7DA /* LaunchScreen.storyboard in Resources */,
				8D71AD851D8A7D6D00E1D7DA /* Assets.xcassets in Resources */,
				8D71AD831D8A7D6D00E1D7DA /* Main.storyboard in Resources */,
			);
			runOnlyForDeploymentPostprocessing = 0;
		};
/* End PBXResourcesBuildPhase section */

/* Begin PBXSourcesBuildPhase section */
		8D71AD761D8A7D6D00E1D7DA /* Sources */ = {
			isa = PBXSourcesBuildPhase;
			buildActionMask = 2147483647;
			files = (
				8D71AD801D8A7D6D00E1D7DA /* ViewController.swift in Sources */,
				8D71AD7E1D8A7D6D00E1D7DA /* AppDelegate.swift in Sources */,
			);
			runOnlyForDeploymentPostprocessing = 0;
		};
/* End PBXSourcesBuildPhase section */

/* Begin PBXVariantGroup section */
		8D71AD811D8A7D6D00E1D7DA /* Main.storyboard */ = {
			isa = PBXVariantGroup;
			children = (
				8D71AD821D8A7D6D00E1D7DA /* Base */,
			);
			name = Main.storyboard;
			sourceTree = "<group>";
		};
		8D71AD861D8A7D6D00E1D7DA /* LaunchScreen.storyboard */ = {
			isa = PBXVariantGroup;
			children = (
				8D71AD871D8A7D6D00E1D7DA /* Base */,
			);
			name = LaunchScreen.storyboard;
			sourceTree = "<group>";
		};
/* End PBXVariantGroup section */

/* Begin XCBuildConfiguration section */
		8D71AD8A1D8A7D6D00E1D7DA /* Debug */ = {
			isa = XCBuildConfiguration;
			buildSettings = {
				ALWAYS_SEARCH_USER_PATHS = NO;
				CLANG_ANALYZER_NONNULL = YES;
				CLANG_CXX_LANGUAGE_STANDARD = "gnu++0x";
				CLANG_CXX_LIBRARY = "libc++";
				CLANG_ENABLE_MODULES = YES;
				CLANG_ENABLE_OBJC_ARC = YES;
				CLANG_WARN_BOOL_CONVERSION = YES;
				CLANG_WARN_CONSTANT_CONVERSION = YES;
				CLANG_WARN_DIRECT_OBJC_ISA_USAGE = YES_ERROR;
				CLANG_WARN_DOCUMENTATION_COMMENTS = YES;
				CLANG_WARN_EMPTY_BODY = YES;
				CLANG_WARN_ENUM_CONVERSION = YES;
				CLANG_WARN_INFINITE_RECURSION = YES;
				CLANG_WARN_INT_CONVERSION = YES;
				CLANG_WARN_OBJC_ROOT_CLASS = YES_ERROR;
				CLANG_WARN_SUSPICIOUS_MOVES = YES;
				CLANG_WARN_UNREACHABLE_CODE = YES;
				CLANG_WARN__DUPLICATE_METHOD_MATCH = YES;
				"CODE_SIGN_IDENTITY[sdk=iphoneos*]" = "iPhone Developer";
				COPY_PHASE_STRIP = NO;
				DEBUG_INFORMATION_FORMAT = dwarf;
				ENABLE_STRICT_OBJC_MSGSEND = YES;
				ENABLE_TESTABILITY = YES;
				GCC_C_LANGUAGE_STANDARD = gnu99;
				GCC_DYNAMIC_NO_PIC = NO;
				GCC_NO_COMMON_BLOCKS = YES;
				GCC_OPTIMIZATION_LEVEL = 0;
				GCC_PREPROCESSOR_DEFINITIONS = (
					"DEBUG=1",
					"$(inherited)",
				);
				GCC_WARN_64_TO_32_BIT_CONVERSION = YES;
				GCC_WARN_ABOUT_RETURN_TYPE = YES_ERROR;
				GCC_WARN_UNDECLARED_SELECTOR = YES;
				GCC_WARN_UNINITIALIZED_AUTOS = YES_AGGRESSIVE;
				GCC_WARN_UNUSED_FUNCTION = YES;
				GCC_WARN_UNUSED_VARIABLE = YES;
				IPHONEOS_DEPLOYMENT_TARGET = 10.0;
				MTL_ENABLE_DEBUG_INFO = YES;
				ONLY_ACTIVE_ARCH = YES;
				SDKROOT = iphoneos;
				SWIFT_ACTIVE_COMPILATION_CONDITIONS = DEBUG;
				SWIFT_OPTIMIZATION_LEVEL = "-Onone";
			};
			name = Debug;
		};
		8D71AD8B1D8A7D6D00E1D7DA /* Release */ = {
			isa = XCBuildConfiguration;
			buildSettings = {
				ALWAYS_SEARCH_USER_PATHS = NO;
				CLANG_ANALYZER_NONNULL = YES;
				CLANG_CXX_LANGUAGE_STANDARD = "gnu++0x";
				CLANG_CXX_LIBRARY = "libc++";
				CLANG_ENABLE_MODULES = YES;
				CLANG_ENABLE_OBJC_ARC = YES;
				CLANG_WARN_BOOL_CONVERSION = YES;
				CLANG_WARN_CONSTANT_CONVERSION = YES;
				CLANG_WARN_DIRECT_OBJC_ISA_USAGE = YES_ERROR;
				CLANG_WARN_DOCUMENTATION_COMMENTS = YES;
				CLANG_WARN_EMPTY_BODY = YES;
				CLANG_WARN_ENUM_CONVERSION = YES;
				CLANG_WARN_INFINITE_RECURSION = YES;
				CLANG_WARN_INT_CONVERSION = YES;
				CLANG_WARN_OBJC_ROOT_CLASS = YES_ERROR;
				CLANG_WARN_SUSPICIOUS_MOVES = YES;
				CLANG_WARN_UNREACHABLE_CODE = YES;
				CLANG_WARN__DUPLICATE_METHOD_MATCH = YES;
				"CODE_SIGN_IDENTITY[sdk=iphoneos*]" = "iPhone Developer";
				COPY_PHASE_STRIP = NO;
				DEBUG_INFORMATION_FORMAT = "dwarf-with-dsym";
				ENABLE_NS_ASSERTIONS = NO;
				ENABLE_STRICT_OBJC_MSGSEND = YES;
				GCC_C_LANGUAGE_STANDARD = gnu99;
				GCC_NO_COMMON_BLOCKS = YES;
				GCC_WARN_64_TO_32_BIT_CONVERSION = YES;
				GCC_WARN_ABOUT_RETURN_TYPE = YES_ERROR;
				GCC_WARN_UNDECLARED_SELECTOR = YES;
				GCC_WARN_UNINITIALIZED_AUTOS = YES_AGGRESSIVE;
				GCC_WARN_UNUSED_FUNCTION = YES;
				GCC_WARN_UNUSED_VARIABLE = YES;
				IPHONEOS_DEPLOYMENT_TARGET = 10.0;
				MTL_ENABLE_DEBUG_INFO = NO;
				SDKROOT = iphoneos;
				SWIFT_OPTIMIZATION_LEVEL = "-Owholemodule";
				VALIDATE_PRODUCT = YES;
			};
			name = Release;
		};
		8D71AD8D1D8A7D6D00E1D7DA /* Debug */ = {
			isa = XCBuildConfiguration;
			buildSettings = {
				ASSETCATALOG_COMPILER_APPICON_NAME = AppIcon;
				DEVELOPMENT_TEAM = X3J74Z676X;
				INFOPLIST_FILE = CheckIO/Info.plist;
				LD_RUNPATH_SEARCH_PATHS = "$(inherited) @executable_path/Frameworks";
				PRODUCT_BUNDLE_IDENTIFIER = com.kneeprayer.CheckIO;
				PRODUCT_NAME = "$(TARGET_NAME)";
				SWIFT_VERSION = 3.0;
			};
			name = Debug;
		};
		8D71AD8E1D8A7D6D00E1D7DA /* Release */ = {
			isa = XCBuildConfiguration;
			buildSettings = {
				ASSETCATALOG_COMPILER_APPICON_NAME = AppIcon;
				DEVELOPMENT_TEAM = X3J74Z676X;
				INFOPLIST_FILE = CheckIO/Info.plist;
				LD_RUNPATH_SEARCH_PATHS = "$(inherited) @executable_path/Frameworks";
				PRODUCT_BUNDLE_IDENTIFIER = com.kneeprayer.CheckIO;
				PRODUCT_NAME = "$(TARGET_NAME)";
				SWIFT_VERSION = 3.0;
			};
			name = Release;
		};
/* End XCBuildConfiguration section */

/* Begin XCConfigurationList section */
		8D71AD751D8A7D6D00E1D7DA /* Build configuration list for PBXProject "CheckIO" */ = {
			isa = XCConfigurationList;
			buildConfigurations = (
				8D71AD8A1D8A7D6D00E1D7DA /* Debug */,
				8D71AD8B1D8A7D6D00E1D7DA /* Release */,
			);
			defaultConfigurationIsVisible = 0;
			defaultConfigurationName = Release;
		};
		8D71AD8C1D8A7D6D00E1D7DA /* Build configuration list for PBXNativeTarget "CheckIO" */ = {
			isa = XCConfigurationList;
			buildConfigurations = (
				8D71AD8D1D8A7D6D00E1D7DA /* Debug */,
				8D71AD8E1D8A7D6D00E1D7DA /* Release */,
			);
			defaultConfigurationIsVisible = 0;
		};
/* End XCConfigurationList section */
	};
	rootObject = 8D71AD721D8A7D6D00E1D7DA /* Project object */;
}
